<?xml version="1.0" encoding="utf-8"?>
<Project ToolsVersion="4.0" xmlns="http://schemas.microsoft.com/developer/msbuild/2003">
  <ItemGroup>
    <Filter Include="Source Files">
      <UniqueIdentifier>{4FC737F1-C7A5-4376-A066-2A32D752A2FF}</UniqueIdentifier>
      <Extensions>cpp;c;cc;cxx;def;odl;idl;hpj;bat;asm;asmx</Extensions>
    </Filter>
    <Filter Include="Header Files">
      <UniqueIdentifier>{93995380-89BD-4b04-88EB-625FBE52EBFB}</UniqueIdentifier>
      <Extensions>h;hh;hpp;hxx;hm;inl;inc;xsd</Extensions>
    </Filter>
    <Filter Include="Resource Files">
      <UniqueIdentifier>{67DA6AB6-F800-4c08-8B7A-83BB121AAD01}</UniqueIdentifier>
      <Extensions>rc;ico;cur;bmp;dlg;rc2;rct;bin;rgs;gif;jpg;jpeg;jpe;resx;tiff;tif;png;wav;mfcribbon-ms</Extensions>
    </Filter>
    <Filter Include="Header Files\DirectX11">
      <UniqueIdentifier>{184f838a-743f-4bcb-a96a-1354235759c7}</UniqueIdentifier>
    </Filter>
    <Filter Include="Source Files\DirectX11">
      <UniqueIdentifier>{3a91ab46-12b4-4f6b-8d53-5efd8cb47773}</UniqueIdentifier>
    </Filter>
    <Filter Include="Source Files\Win32">
      <UniqueIdentifier>{776b0453-f8e9-4509-8b80-02b63044f119}</UniqueIdentifier>
    </Filter>
    <Filter Include="Header Files\Win32">
      <UniqueIdentifier>{db861771-0976-4fe5-8143-2225ad097925}</UniqueIdentifier>
    </Filter>
  </ItemGroup>
  <ItemGroup>
    <ClCompile Include="Renderer.cpp">
      <Filter>Source Files</Filter>
    </ClCompile>
    <ClCompile Include="Window.cpp">
      <Filter>Source Files</Filter>
    </ClCompile>
    <ClCompile Include="DirectX11\DX11Renderer.cpp">
      <Filter>Source Files\DirectX11</Filter>
    </ClCompile>
    <ClCompile Include="Win32\Win32Window.cpp">
      <Filter>Source Files\Win32</Filter>
    </ClCompile>
    <ClCompile Include="VertexBuffer.cpp">
      <Filter>Source Files</Filter>
    </ClCompile>
    <ClCompile Include="IndexBuffer.cpp">
      <Filter>Source Files</Filter>
    </ClCompile>
    <ClCompile Include="Model.cpp">
      <Filter>Source Files</Filter>
    </ClCompile>
    <ClCompile Include="Buffer.cpp">
      <Filter>Source Files</Filter>
    </ClCompile>
    <ClCompile Include="FBXLoader.cpp">
      <Filter>Source Files</Filter>
    </ClCompile>
    <ClCompile Include="OBJLoader.cpp">
      <Filter>Source Files</Filter>
    </ClCompile>
    <ClCompile Include="Camera.cpp">
      <Filter>Source Files</Filter>
    </ClCompile>
    <ClCompile Include="Transformer.cpp">
      <Filter>Source Files</Filter>
    </ClCompile>
    <ClCompile Include="Input.cpp">
      <Filter>Source Files</Filter>
    </ClCompile>
    <ClCompile Include="Texture.cpp">
      <Filter>Source Files</Filter>
    </ClCompile>
    <ClCompile Include="DirectX11\dxerr.cpp">
      <Filter>Source Files\DirectX11</Filter>
    </ClCompile>
    <ClCompile Include="DirectX11\DX11IndexBuffer.cpp">
      <Filter>Source Files\DirectX11</Filter>
    </ClCompile>
    <ClCompile Include="DirectX11\DX11Model.cpp">
      <Filter>Source Files\DirectX11</Filter>
    </ClCompile>
    <ClCompile Include="DirectX11\DX11PixelShader.cpp">
      <Filter>Source Files\DirectX11</Filter>
    </ClCompile>
    <ClCompile Include="DirectX11\DX11Shader.cpp">
      <Filter>Source Files\DirectX11</Filter>
    </ClCompile>
    <ClCompile Include="DirectX11\DX11VertexBuffer.cpp">
      <Filter>Source Files\DirectX11</Filter>
    </ClCompile>
    <ClCompile Include="DirectX11\DX11VertexShader.cpp">
      <Filter>Source Files\DirectX11</Filter>
    </ClCompile>
    <ClCompile Include="DirectX11\DDSTextureLoader.cpp">
      <Filter>Source Files\DirectX11</Filter>
    </ClCompile>
    <ClCompile Include="DirectX11\DX11Texture.cpp">
      <Filter>Source Files\DirectX11</Filter>
    </ClCompile>
    <ClCompile Include="Win32\Win32Input.cpp">
      <Filter>Source Files\Win32</Filter>
    </ClCompile>
    <ClCompile Include="Timer.cpp">
      <Filter>Source Files</Filter>
    </ClCompile>
    <ClCompile Include="Shader.cpp">
      <Filter>Source Files</Filter>
    </ClCompile>
    <ClCompile Include="DirectX11\DX11Timer.cpp">
      <Filter>Source Files\DirectX11</Filter>
    </ClCompile>
    <ClCompile Include="TRKLoader.cpp">
      <Filter>Source Files</Filter>
    </ClCompile>
    <ClCompile Include="Sound.cpp">
      <Filter>Source Files</Filter>
    </ClCompile>
    <ClCompile Include="DX11Sound.cpp">
      <Filter>Source Files\DirectX11</Filter>
    </ClCompile>
  </ItemGroup>
  <ItemGroup>
    <ClInclude Include="Renderer.h">
      <Filter>Header Files</Filter>
    </ClInclude>
    <ClInclude Include="Window.h">
      <Filter>Header Files</Filter>
    </ClInclude>
    <ClInclude Include="DirectX11\DX11Renderer.h">
      <Filter>Header Files\DirectX11</Filter>
    </ClInclude>
    <ClInclude Include="Win32\Win32Window.h">
      <Filter>Header Files\Win32</Filter>
    </ClInclude>
    <ClInclude Include="render-framework.h">
      <Filter>Header Files</Filter>
    </ClInclude>
    <ClInclude Include="renderers.h">
      <Filter>Header Files</Filter>
    </ClInclude>
    <ClInclude Include="util.h">
      <Filter>Header Files</Filter>
    </ClInclude>
    <ClInclude Include="VertexBuffer.h">
      <Filter>Header Files</Filter>
    </ClInclude>
    <ClInclude Include="IndexBuffer.h">
      <Filter>Header Files</Filter>
    </ClInclude>
    <ClInclude Include="Model.h">
      <Filter>Header Files</Filter>
    </ClInclude>
    <ClInclude Include="Buffer.h">
      <Filter>Header Files</Filter>
    </ClInclude>
    <ClInclude Include="FBXLoader.h">
      <Filter>Header Files</Filter>
    </ClInclude>
    <ClInclude Include="OBJLoader.h">
      <Filter>Header Files</Filter>
    </ClInclude>
    <ClInclude Include="Camera.h">
      <Filter>Header Files</Filter>
    </ClInclude>
    <ClInclude Include="ITransformable.h">
      <Filter>Header Files</Filter>
    </ClInclude>
    <ClInclude Include="Transformer.h">
      <Filter>Header Files</Filter>
    </ClInclude>
    <ClInclude Include="Input.h">
      <Filter>Header Files</Filter>
    </ClInclude>
    <ClInclude Include="Texture.h">
      <Filter>Header Files</Filter>
    </ClInclude>
    <ClInclude Include="DirectX11\dxerr.h">
      <Filter>Header Files\DirectX11</Filter>
    </ClInclude>
    <ClInclude Include="DirectX11\DX11IndexBuffer.h">
      <Filter>Header Files\DirectX11</Filter>
    </ClInclude>
    <ClInclude Include="DirectX11\DX11Model.h">
      <Filter>Header Files\DirectX11</Filter>
    </ClInclude>
    <ClInclude Include="DirectX11\DX11PixelShader.h">
      <Filter>Header Files\DirectX11</Filter>
    </ClInclude>
    <ClInclude Include="DirectX11\DX11Shader.h">
      <Filter>Header Files\DirectX11</Filter>
    </ClInclude>
    <ClInclude Include="DirectX11\DX11VertexBuffer.h">
      <Filter>Header Files\DirectX11</Filter>
    </ClInclude>
    <ClInclude Include="DirectX11\DX11VertexShader.h">
      <Filter>Header Files\DirectX11</Filter>
    </ClInclude>
    <ClInclude Include="DirectX11\DDSTextureLoader.h">
      <Filter>Header Files\DirectX11</Filter>
    </ClInclude>
    <ClInclude Include="DirectX11\DX11Texture.h">
      <Filter>Header Files\DirectX11</Filter>
    </ClInclude>
    <ClInclude Include="Win32\Win32Input.h">
      <Filter>Header Files\Win32</Filter>
    </ClInclude>
    <ClInclude Include="Timer.h">
      <Filter>Header Files</Filter>
    </ClInclude>
    <ClInclude Include="Shader.h">
      <Filter>Header Files</Filter>
    </ClInclude>
    <ClInclude Include="DirectX11\DX11Timer.h">
      <Filter>Header Files\DirectX11</Filter>
    </ClInclude>
    <ClInclude Include="TRKLoader.h">
      <Filter>Header Files</Filter>
    </ClInclude>
    <ClInclude Include="Sound.h">
      <Filter>Header Files</Filter>
    </ClInclude>
    <ClInclude Include="DX11Sound.h">
      <Filter>Header Files\DirectX11</Filter>
    </ClInclude>
  </ItemGroup>
  <ItemGroup>
    <FxCompile Include="DirectX11\defaultPixel.hlsl">
      <Filter>Source Files\DirectX11</Filter>
    </FxCompile>
    <FxCompile Include="DirectX11\defaultVertex.hlsl">
      <Filter>Source Files\DirectX11</Filter>
    </FxCompile>
    <FxCompile Include="DirectX11\pixel.hlsl">
      <Filter>Source Files\DirectX11</Filter>
    </FxCompile>
    <FxCompile Include="DirectX11\pixelCelShaded.hlsl">
      <Filter>Source Files\DirectX11</Filter>
    </FxCompile>
    <FxCompile Include="DirectX11\pixelNoSpec.hlsl">
      <Filter>Source Files\DirectX11</Filter>
    </FxCompile>
    <FxCompile Include="DirectX11\vertexRipple.hlsl">
      <Filter>Source Files\DirectX11</Filter>
    </FxCompile>
    <FxCompile Include="DirectX11\vertexSpring.hlsl">
      <Filter>Source Files\DirectX11</Filter>
    </FxCompile>
    <FxCompile Include="DirectX11\vertexWiggle.hlsl">
      <Filter>Source Files\DirectX11</Filter>
    </FxCompile>
    <FxCompile Include="DirectX11\pixelBump.hlsl">
      <Filter>Source Files\DirectX11</Filter>
    </FxCompile>
    <FxCompile Include="DirectX11\vertexTrack.hlsl">
      <Filter>Source Files\DirectX11</Filter>
    </FxCompile>
    <FxCompile Include="DirectX11\vertexTentacle.hlsl">
      <Filter>Source Files\DirectX11</Filter>
    </FxCompile>
  </ItemGroup>
</Project>